// !$*UTF8*$!
{
	archiveVersion = 1;
	classes = {
	};
	objectVersion = 50;
	objects = {

/* Begin PBXBuildFile section */
		A30FB76824095552008F7370 /* AppDelegate.swift in Sources */ = {isa = PBXBuildFile; fileRef = A30FB76724095552008F7370 /* AppDelegate.swift */; };
		A30FB76A24095552008F7370 /* SceneDelegate.swift in Sources */ = {isa = PBXBuildFile; fileRef = A30FB76924095552008F7370 /* SceneDelegate.swift */; };
		A30FB76C24095552008F7370 /* ViewController.swift in Sources */ = {isa = PBXBuildFile; fileRef = A30FB76B24095552008F7370 /* ViewController.swift */; };
		A30FB76F24095552008F7370 /* Main.storyboard in Resources */ = {isa = PBXBuildFile; fileRef = A30FB76D24095552008F7370 /* Main.storyboard */; };
		A30FB77124095554008F7370 /* Assets.xcassets in Resources */ = {isa = PBXBuildFile; fileRef = A30FB77024095554008F7370 /* Assets.xcassets */; };
		A30FB77424095554008F7370 /* LaunchScreen.storyboard in Resources */ = {isa = PBXBuildFile; fileRef = A30FB77224095554008F7370 /* LaunchScreen.storyboard */; };
		A30FB7822409604F008F7370 /* 1.mp4 in Resources */ = {isa = PBXBuildFile; fileRef = A30FB7812409604E008F7370 /* 1.mp4 */; };
/* End PBXBuildFile section */

/* Begin PBXFileReference section */
		A30FB76424095552008F7370 /* StreamPlayer.app */ = {isa = PBXFileReference; explicitFileType = wrapper.application; includeInIndex = 0; path = StreamPlayer.app; sourceTree = BUILT_PRODUCTS_DIR; };
		A30FB76724095552008F7370 /* AppDelegate.swift */ = {isa = PBXFileReference; lastKnownFileType = sourcecode.swift; path = AppDelegate.swift; sourceTree = "<group>"; };
		A30FB76924095552008F7370 /* SceneDelegate.swift */ = {isa = PBXFileReference; lastKnownFileType = sourcecode.swift; path = SceneDelegate.swift; sourceTree = "<group>"; };
		A30FB76B24095552008F7370 /* ViewController.swift */ = {isa = PBXFileReference; lastKnownFileType = sourcecode.swift; path = ViewController.swift; sourceTree = "<group>"; };
		A30FB76E24095552008F7370 /* Base */ = {isa = PBXFileReference; lastKnownFileType = file.storyboard; name = Base; path = Base.lproj/Main.storyboard; sourceTree = "<group>"; };
		A30FB77024095554008F7370 /* Assets.xcassets */ = {isa = PBXFileReference; lastKnownFileType = folder.assetcatalog; path = Assets.xcassets; sourceTree = "<group>"; };
		A30FB77324095554008F7370 /* Base */ = {isa = PBXFileReference; lastKnownFileType = file.storyboard; name = Base; path = Base.lproj/LaunchScreen.storyboard; sourceTree = "<group>"; };
		A30FB77524095554008F7370 /* Info.plist */ = {isa = PBXFileReference; lastKnownFileType = text.plist.xml; path = Info.plist; sourceTree = "<group>"; };
		A30FB7812409604E008F7370 /* 1.mp4 */ = {isa = PBXFileReference; lastKnownFileType = file; name = 1.mp4; path = resource/1.mp4; sourceTree = "<group>"; };
/* End PBXFileReference section */

/* Begin PBXFrameworksBuildPhase section */
		A30FB76124095552008F7370 /* Frameworks */ = {
			isa = PBXFrameworksBuildPhase;
			buildActionMask = 2147483647;
			files = (
			);
			runOnlyForDeploymentPostprocessing = 0;
		};
/* End PBXFrameworksBuildPhase section */

/* Begin PBXGroup section */
		A30FB75B24095552008F7370 = {
			isa = PBXGroup;
			children = (
				A30FB76624095552008F7370 /* StreamPlayer */,
				A30FB76524095552008F7370 /* Products */,
			);
			sourceTree = "<group>";
		};
		A30FB76524095552008F7370 /* Products */ = {
			isa = PBXGroup;
			children = (
				A30FB76424095552008F7370 /* StreamPlayer.app */,
			);
			name = Products;
			sourceTree = "<group>";
		};
		A30FB76624095552008F7370 /* StreamPlayer */ = {
			isa = PBXGroup;
			children = (
				A30FB7802409603D008F7370 /* resource */,
				A30FB76724095552008F7370 /* AppDelegate.swift */,
				A30FB76924095552008F7370 /* SceneDelegate.swift */,
				A30FB76B24095552008F7370 /* ViewController.swift */,
				A30FB76D24095552008F7370 /* Main.storyboard */,
				A30FB77024095554008F7370 /* Assets.xcassets */,
				A30FB77224095554008F7370 /* LaunchScreen.storyboard */,
				A30FB77524095554008F7370 /* Info.plist */,
			);
			path = StreamPlayer;
			sourceTree = "<group>";
		};
		A30FB7802409603D008F7370 /* resource */ = {
			isa = PBXGroup;
			children = (
				A30FB7812409604E008F7370 /* 1.mp4 */,
			);
			name = resource;
			sourceTree = "<group>";
		};
/* End PBXGroup section */

/* Begin PBXNativeTarget section */
		A30FB76324095552008F7370 /* StreamPlayer */ = {
			isa = PBXNativeTarget;
			buildConfigurationList = A30FB77824095554008F7370 /* Build configuration list for PBXNativeTarget "StreamPlayer" */;
			buildPhases = (
				A30FB76024095552008F7370 /* Sources */,
				A30FB76124095552008F7370 /* Frameworks */,
				A30FB76224095552008F7370 /* Resources */,
			);
			buildRules = (
			);
			dependencies = (
			);
			name = StreamPlayer;
			productName = StreamPlayer;
			productReference = A30FB76424095552008F7370 /* StreamPlayer.app */;
			productType = "com.apple.product-type.application";
		};
/* End PBXNativeTarget section */

/* Begin PBXProject section */
		A30FB75C24095552008F7370 /* Project object */ = {
			isa = PBXProject;
			attributes = {
				LastSwiftUpdateCheck = 1110;
				LastUpgradeCheck = 1110;
				ORGANIZATIONNAME = simba;
				TargetAttributes = {
					A30FB76324095552008F7370 = {
						CreatedOnToolsVersion = 11.1;
					};
				};
			};
			buildConfigurationList = A30FB75F24095552008F7370 /* Build configuration list for PBXProject "StreamPlayer" */;
			compatibilityVersion = "Xcode 9.3";
			developmentRegion = en;
			hasScannedForEncodings = 0;
			knownRegions = (
				en,
				Base,
			);
			mainGroup = A30FB75B24095552008F7370;
			productRefGroup = A30FB76524095552008F7370 /* Products */;
			projectDirPath = "";
			projectRoot = "";
			targets = (
				A30FB76324095552008F7370 /* StreamPlayer */,
			);
		};
/* End PBXProject section */

/* Begin PBXResourcesBuildPhase section */
		A30FB76224095552008F7370 /* Resources */ = {
			isa = PBXResourcesBuildPhase;
			buildActionMask = 2147483647;
			files = (
				A30FB77424095554008F7370 /* LaunchScreen.storyboard in Resources */,
				A30FB7822409604F008F7370 /* 1.mp4 in Resources */,
				A30FB77124095554008F7370 /* Assets.xcassets in Resources */,
				A30FB76F24095552008F7370 /* Main.storyboard in Resources */,
			);
			runOnlyForDeploymentPostprocessing = 0;
		};
/* End PBXResourcesBuildPhase section */

/* Begin PBXSourcesBuildPhase section */
		A30FB76024095552008F7370 /* Sources */ = {
			isa = PBXSourcesBuildPhase;
			buildActionMask = 2147483647;
			files = (
				A30FB76C24095552008F7370 /* ViewController.swift in Sources */,
				A30FB76824095552008F7370 /* AppDelegate.swift in Sources */,
				A30FB76A24095552008F7370 /* SceneDelegate.swift in Sources */,
			);
			runOnlyForDeploymentPostprocessing = 0;
		};
/* End PBXSourcesBuildPhase section */

/* Begin PBXVariantGroup section */
		A30FB76D24095552008F7370 /* Main.storyboard */ = {
			isa = PBXVariantGroup;
			children = (
				A30FB76E24095552008F7370 /* Base */,
			);
			name = Main.storyboard;
			sourceTree = "<group>";
		};
		A30FB77224095554008F7370 /* LaunchScreen.storyboard */ = {
			isa = PBXVariantGroup;
			children = (
				A30FB77324095554008F7370 /* Base */,
			);
			name = LaunchScreen.storyboard;
			sourceTree = "<group>";
		};
/* End PBXVariantGroup section */

/* Begin XCBuildConfiguration section */
		A30FB77624095554008F7370 /* Debug */ = {
			isa = XCBuildConfiguration;
			buildSettings = {
				ALWAYS_SEARCH_USER_PATHS = NO;
				CLANG_ANALYZER_NONNULL = YES;
				CLANG_ANALYZER_NUMBER_OBJECT_CONVERSION = YES_AGGRESSIVE;
				CLANG_CXX_LANGUAGE_STANDARD = "gnu++14";
				CLANG_CXX_LIBRARY = "libc++";
				CLANG_ENABLE_MODULES = YES;
				CLANG_ENABLE_OBJC_ARC = YES;
				CLANG_ENABLE_OBJC_WEAK = YES;
				CLANG_WARN_BLOCK_CAPTURE_AUTORELEASING = YES;
				CLANG_WARN_BOOL_CONVERSION = YES;
				CLANG_WARN_COMMA = YES;
				CLANG_WARN_CONSTANT_CONVERSION = YES;
				CLANG_WARN_DEPRECATED_OBJC_IMPLEMENTATIONS = YES;
				CLANG_WARN_DIRECT_OBJC_ISA_USAGE = YES_ERROR;
				CLANG_WARN_DOCUMENTATION_COMMENTS = YES;
				CLANG_WARN_EMPTY_BODY = YES;
				CLANG_WARN_ENUM_CONVERSION = YES;
				CLANG_WARN_INFINITE_RECURSION = YES;
				CLANG_WARN_INT_CONVERSION = YES;
				CLANG_WARN_NON_LITERAL_NULL_CONVERSION = YES;
				CLANG_WARN_OBJC_IMPLICIT_RETAIN_SELF = YES;
				CLANG_WARN_OBJC_LITERAL_CONVERSION = YES;
				CLANG_WARN_OBJC_ROOT_CLASS = YES_ERROR;
				CLANG_WARN_RANGE_LOOP_ANALYSIS = YES;
				CLANG_WARN_STRICT_PROTOTYPES = YES;
				CLANG_WARN_SUSPICIOUS_MOVE = YES;
				CLANG_WARN_UNGUARDED_AVAILABILITY = YES_AGGRESSIVE;
				CLANG_WARN_UNREACHABLE_CODE = YES;
				CLANG_WARN__DUPLICATE_METHOD_MATCH = YES;
				COPY_PHASE_STRIP = NO;
				DEBUG_INFORMATION_FORMAT = dwarf;
				ENABLE_STRICT_OBJC_MSGSEND = YES;
				ENABLE_TESTABILITY = YES;
				GCC_C_LANGUAGE_STANDARD = gnu11;
				GCC_DYNAMIC_NO_PIC = NO;
				GCC_NO_COMMON_BLOCKS = YES;
				GCC_OPTIMIZATION_LEVEL = 0;
				GCC_PREPROCESSOR_DEFINITIONS = (
					"DEBUG=1",
					"$(inherited)",
				);
				GCC_WARN_64_TO_32_BIT_CONVERSION = YES;
				GCC_WARN_ABOUT_RETURN_TYPE = YES_ERROR;
				GCC_WARN_UNDECLARED_SELECTOR = YES;
				GCC_WARN_UNINITIALIZED_AUTOS = YES_AGGRESSIVE;
				GCC_WARN_UNUSED_FUNCTION = YES;
				GCC_WARN_UNUSED_VARIABLE = YES;
				IPHONEOS_DEPLOYMENT_TARGET = 13.1;
				MTL_ENABLE_DEBUG_INFO = INCLUDE_SOURCE;
				MTL_FAST_MATH = YES;
				ONLY_ACTIVE_ARCH = YES;
				SDKROOT = iphoneos;
				SWIFT_ACTIVE_COMPILATION_CONDITIONS = DEBUG;
				SWIFT_OPTIMIZATION_LEVEL = "-Onone";
			};
			name = Debug;
		};
		A30FB77724095554008F7370 /* Release */ = {
			isa = XCBuildConfiguration;
			buildSettings = {
				ALWAYS_SEARCH_USER_PATHS = NO;
				CLANG_ANALYZER_NONNULL = YES;
				CLANG_ANALYZER_NUMBER_OBJECT_CONVERSION = YES_AGGRESSIVE;
				CLANG_CXX_LANGUAGE_STANDARD = "gnu++14";
				CLANG_CXX_LIBRARY = "libc++";
				CLANG_ENABLE_MODULES = YES;
				CLANG_ENABLE_OBJC_ARC = YES;
				CLANG_ENABLE_OBJC_WEAK = YES;
				CLANG_WARN_BLOCK_CAPTURE_AUTORELEASING = YES;
				CLANG_WARN_BOOL_CONVERSION = YES;
				CLANG_WARN_COMMA = YES;
				CLANG_WARN_CONSTANT_CONVERSION = YES;
				CLANG_WARN_DEPRECATED_OBJC_IMPLEMENTATIONS = YES;
				CLANG_WARN_DIRECT_OBJC_ISA_USAGE = YES_ERROR;
				CLANG_WARN_DOCUMENTATION_COMMENTS = YES;
				CLANG_WARN_EMPTY_BODY = YES;
				CLANG_WARN_ENUM_CONVERSION = YES;
				CLANG_WARN_INFINITE_RECURSION = YES;
				CLANG_WARN_INT_CONVERSION = YES;
				CLANG_WARN_NON_LITERAL_NULL_CONVERSION = YES;
				CLANG_WARN_OBJC_IMPLICIT_RETAIN_SELF = YES;
				CLANG_WARN_OBJC_LITERAL_CONVERSION = YES;
				CLANG_WARN_OBJC_ROOT_CLASS = YES_ERROR;
				CLANG_WARN_RANGE_LOOP_ANALYSIS = YES;
				CLANG_WARN_STRICT_PROTOTYPES = YES;
				CLANG_WARN_SUSPICIOUS_MOVE = YES;
				CLANG_WARN_UNGUARDED_AVAILABILITY = YES_AGGRESSIVE;
				CLANG_WARN_UNREACHABLE_CODE = YES;
				CLANG_WARN__DUPLICATE_METHOD_MATCH = YES;
				COPY_PHASE_STRIP = NO;
				DEBUG_INFORMATION_FORMAT = "dwarf-with-dsym";
				ENABLE_NS_ASSERTIONS = NO;
				ENABLE_STRICT_OBJC_MSGSEND = YES;
				GCC_C_LANGUAGE_STANDARD = gnu11;
				GCC_NO_COMMON_BLOCKS = YES;
				GCC_WARN_64_TO_32_BIT_CONVERSION = YES;
				GCC_WARN_ABOUT_RETURN_TYPE = YES_ERROR;
				GCC_WARN_UNDECLARED_SELECTOR = YES;
				GCC_WARN_UNINITIALIZED_AUTOS = YES_AGGRESSIVE;
				GCC_WARN_UNUSED_FUNCTION = YES;
				GCC_WARN_UNUSED_VARIABLE = YES;
				IPHONEOS_DEPLOYMENT_TARGET = 13.1;
				MTL_ENABLE_DEBUG_INFO = NO;
				MTL_FAST_MATH = YES;
				SDKROOT = iphoneos;
				SWIFT_COMPILATION_MODE = wholemodule;
				SWIFT_OPTIMIZATION_LEVEL = "-O";
				VALIDATE_PRODUCT = YES;
			};
			name = Release;
		};
		A30FB77924095554008F7370 /* Debug */ = {
			isa = XCBuildConfiguration;
			buildSettings = {
				ASSETCATALOG_COMPILER_APPICON_NAME = AppIcon;
				CODE_SIGN_STYLE = Automatic;
				DEVELOPMENT_TEAM = 7F3WN738VD;
				INFOPLIST_FILE = StreamPlayer/Info.plist;
				IPHONEOS_DEPLOYMENT_TARGET = 10.3;
				LD_RUNPATH_SEARCH_PATHS = (
					"$(inherited)",
					"@executable_path/Frameworks",
				);
				PRODUCT_BUNDLE_IDENTIFIER = itdev.StreamPlayer;
				PRODUCT_NAME = "$(TARGET_NAME)";
				SWIFT_VERSION = 5.0;
				TARGETED_DEVICE_FAMILY = "1,2";
			};
			name = Debug;
		};
		A30FB77A24095554008F7370 /* Release */ = {
			isa = XCBuildConfiguration;
			buildSettings = {
				ASSETCATALOG_COMPILER_APPICON_NAME = AppIcon;
				CODE_SIGN_STYLE = Automatic;
				DEVELOPMENT_TEAM = 7F3WN738VD;
				INFOPLIST_FILE = StreamPlayer/Info.plist;
				IPHONEOS_DEPLOYMENT_TARGET = 10.3;
				LD_RUNPATH_SEARCH_PATHS = (
					"$(inherited)",
					"@executable_path/Frameworks",
				);
				PRODUCT_BUNDLE_IDENTIFIER = itdev.StreamPlayer;
				PRODUCT_NAME = "$(TARGET_NAME)";
				SWIFT_VERSION = 5.0;
				TARGETED_DEVICE_FAMILY = "1,2";
			};
			name = Release;
		};
/* End XCBuildConfiguration section */

/* Begin XCConfigurationList section */
		A30FB75F24095552008F7370 /* Build configuration list for PBXProject "StreamPlayer" */ = {
			isa = XCConfigurationList;
			buildConfigurations = (
				A30FB77624095554008F7370 /* Debug */,
				A30FB77724095554008F7370 /* Release */,
			);
			defaultConfigurationIsVisible = 0;
			defaultConfigurationName = Release;
		};
		A30FB77824095554008F7370 /* Build configuration list for PBXNativeTarget "StreamPlayer" */ = {
			isa = XCConfigurationList;
			buildConfigurations = (
				A30FB77924095554008F7370 /* Debug */,
				A30FB77A24095554008F7370 /* Release */,
			);
			defaultConfigurationIsVisible = 0;
			defaultConfigurationName = Release;
		};
/* End XCConfigurationList section */
	};
	rootObject = A30FB75C24095552008F7370 /* Project object */;
}
